
Microsoft Visual Studio Solution File, Format Version 12.00
# Visual Studio 2012
Project("{FAE04EC0-301F-11D3-BF4B-00C04F79EFBC}") = "EfExt", "EfExt.csproj", "{6A590E66-84C0-422F-BA8E-27DF8F2DA13C}"
EndProject
Global
	GlobalSection(SolutionConfigurationPlatforms) = preSolution
		Debug|Any CPU = Debug|Any CPU
		Release|Any CPU = Release|Any CPU
	EndGlobalSection
	GlobalSection(ProjectConfigurationPlatforms) = postSolution
		{6A590E66-84C0-422F-BA8E-27DF8F2DA13C}.Debug|Any CPU.ActiveCfg = Debug|Any CPU
		{6A590E66-84C0-422F-BA8E-27DF8F2DA13C}.Debug|Any CPU.Build.0 = Debug|Any CPU
		{6A590E66-84C0-422F-BA8E-27DF8F2DA13C}.Release|Any CPU.ActiveCfg = Release|Any CPU
		{6A590E66-84C0-422F-BA8E-27DF8F2DA13C}.Release|Any CPU.Build.0 = Release|Any CPU
	EndGlobalSection
	GlobalSection(SolutionProperties) = preSolution
		HideSolutionNode = FALSE
	EndGlobalSection
EndGlobal
